
Microsoft Visual Studio Solution File, Format Version 12.00
# Visual Studio 15
VisualStudioVersion = 15.0.28010.2003
MinimumVisualStudioVersion = 10.0.40219.1
Project("{FAE04EC0-301F-11D3-BF4B-00C04F79EFBC}") = "Project.Android", "Project\Project.Android\Project.Android.csproj", "{9E6BE566-5690-423B-91E5-1CEC24F54AAB}"
EndProject
Project("{FAE04EC0-301F-11D3-BF4B-00C04F79EFBC}") = "Project.iOS", "Project\Project.iOS\Project.iOS.csproj", "{78E22A16-8AB6-4732-878A-DC747914D65A}"
EndProject
Project("{FAE04EC0-301F-11D3-BF4B-00C04F79EFBC}") = "Project", "Project\Project\Project.csproj", "{4D343178-215B-4BDF-9A8A-16DFDCFD6D86}"
EndProject
Global
	GlobalSection(SolutionConfigurationPlatforms) = preSolution
		Ad-Hoc|Any CPU = Ad-Hoc|Any CPU
		Ad-Hoc|iPhone = Ad-Hoc|iPhone
		Ad-Hoc|iPhoneSimulator = Ad-Hoc|iPhoneSimulator
		AppStore|Any CPU = AppStore|Any CPU
		AppStore|iPhone = AppStore|iPhone
		AppStore|iPhoneSimulator = AppStore|iPhoneSimulator
		Debug|Any CPU = Debug|Any CPU
		Debug|iPhone = Debug|iPhone
		Debug|iPhoneSimulator = Debug|iPhoneSimulator
		Release|Any CPU = Release|Any CPU
		Release|iPhone = Release|iPhone
		Release|iPhoneSimulator = Release|iPhoneSimulator
	EndGlobalSection
	GlobalSection(ProjectConfigurationPlatforms) = postSolution
		{9E6BE566-5690-423B-91E5-1CEC24F54AAB}.Ad-Hoc|Any CPU.ActiveCfg = Release|Any CPU
		{9E6BE566-5690-423B-91E5-1CEC24F54AAB}.Ad-Hoc|Any CPU.Build.0 = Release|Any CPU
		{9E6BE566-5690-423B-91E5-1CEC24F54AAB}.Ad-Hoc|Any CPU.Deploy.0 = Release|Any CPU
		{9E6BE566-5690-423B-91E5-1CEC24F54AAB}.Ad-Hoc|iPhone.ActiveCfg = Release|Any CPU
		{9E6BE566-5690-423B-91E5-1CEC24F54AAB}.Ad-Hoc|iPhone.Build.0 = Release|Any CPU
		{9E6BE566-5690-423B-91E5-1CEC24F54AAB}.Ad-Hoc|iPhone.Deploy.0 = Release|Any CPU
		{9E6BE566-5690-423B-91E5-1CEC24F54AAB}.Ad-Hoc|iPhoneSimulator.ActiveCfg = Release|Any CPU
		{9E6BE566-5690-423B-91E5-1CEC24F54AAB}.Ad-Hoc|iPhoneSimulator.Build.0 = Release|Any CPU
		{9E6BE566-5690-423B-91E5-1CEC24F54AAB}.Ad-Hoc|iPhoneSimulator.Deploy.0 = Release|Any CPU
		{9E6BE566-5690-423B-91E5-1CEC24F54AAB}.AppStore|Any CPU.ActiveCfg = Release|Any CPU
		{9E6BE566-5690-423B-91E5-1CEC24F54AAB}.AppStore|Any CPU.Build.0 = Release|Any CPU
		{9E6BE566-5690-423B-91E5-1CEC24F54AAB}.AppStore|Any CPU.Deploy.0 = Release|Any CPU
		{9E6BE566-5690-423B-91E5-1CEC24F54AAB}.AppStore|iPhone.ActiveCfg = Release|Any CPU
		{9E6BE566-5690-423B-91E5-1CEC24F54AAB}.AppStore|iPhone.Build.0 = Release|Any CPU
		{9E6BE566-5690-423B-91E5-1CEC24F54AAB}.AppStore|iPhone.Deploy.0 = Release|Any CPU
		{9E6BE566-5690-423B-91E5-1CEC24F54AAB}.AppStore|iPhoneSimulator.ActiveCfg = Release|Any CPU
		{9E6BE566-5690-423B-91E5-1CEC24F54AAB}.AppStore|iPhoneSimulator.Build.0 = Release|Any CPU
		{9E6BE566-5690-423B-91E5-1CEC24F54AAB}.AppStore|iPhoneSimulator.Deploy.0 = Release|Any CPU
		{9E6BE566-5690-423B-91E5-1CEC24F54AAB}.Debug|Any CPU.ActiveCfg = Debug|Any CPU
		{9E6BE566-5690-423B-91E5-1CEC24F54AAB}.Debug|Any CPU.Build.0 = Debug|Any CPU
		{9E6BE566-5690-423B-91E5-1CEC24F54AAB}.Debug|Any CPU.Deploy.0 = Debug|Any CPU
		{9E6BE566-5690-423B-91E5-1CEC24F54AAB}.Debug|iPhone.ActiveCfg = Debug|Any CPU
		{9E6BE566-5690-423B-91E5-1CEC24F54AAB}.Debug|iPhone.Build.0 = Debug|Any CPU
		{9E6BE566-5690-423B-91E5-1CEC24F54AAB}.Debug|iPhone.Deploy.0 = Debug|Any CPU
		{9E6BE566-5690-423B-91E5-1CEC24F54AAB}.Debug|iPhoneSimulator.ActiveCfg = Debug|Any CPU
		{9E6BE566-5690-423B-91E5-1CEC24F54AAB}.Debug|iPhoneSimulator.Build.0 = Debug|Any CPU
		{9E6BE566-5690-423B-91E5-1CEC24F54AAB}.Debug|iPhoneSimulator.Deploy.0 = Debug|Any CPU
		{9E6BE566-5690-423B-91E5-1CEC24F54AAB}.Release|Any CPU.ActiveCfg = Release|Any CPU
		{9E6BE566-5690-423B-91E5-1CEC24F54AAB}.Release|Any CPU.Build.0 = Release|Any CPU
		{9E6BE566-5690-423B-91E5-1CEC24F54AAB}.Release|Any CPU.Deploy.0 = Release|Any CPU
		{9E6BE566-5690-423B-91E5-1CEC24F54AAB}.Release|iPhone.ActiveCfg = Release|Any CPU
		{9E6BE566-5690-423B-91E5-1CEC24F54AAB}.Release|iPhone.Build.0 = Release|Any CPU
		{9E6BE566-5690-423B-91E5-1CEC24F54AAB}.Release|iPhone.Deploy.0 = Release|Any CPU
		{9E6BE566-5690-423B-91E5-1CEC24F54AAB}.Release|iPhoneSimulator.ActiveCfg = Release|Any CPU
		{9E6BE566-5690-423B-91E5-1CEC24F54AAB}.Release|iPhoneSimulator.Build.0 = Release|Any CPU
		{9E6BE566-5690-423B-91E5-1CEC24F54AAB}.Release|iPhoneSimulator.Deploy.0 = Release|Any CPU
		{78E22A16-8AB6-4732-878A-DC747914D65A}.Ad-Hoc|Any CPU.ActiveCfg = Ad-Hoc|iPhone
		{78E22A16-8AB6-4732-878A-DC747914D65A}.Ad-Hoc|Any CPU.Build.0 = Ad-Hoc|iPhone
		{78E22A16-8AB6-4732-878A-DC747914D65A}.Ad-Hoc|Any CPU.Deploy.0 = Ad-Hoc|iPhone
		{78E22A16-8AB6-4732-878A-DC747914D65A}.Ad-Hoc|iPhone.ActiveCfg = Ad-Hoc|iPhone
		{78E22A16-8AB6-4732-878A-DC747914D65A}.Ad-Hoc|iPhone.Build.0 = Ad-Hoc|iPhone
		{78E22A16-8AB6-4732-878A-DC747914D65A}.Ad-Hoc|iPhone.Deploy.0 = Ad-Hoc|iPhone
		{78E22A16-8AB6-4732-878A-DC747914D65A}.Ad-Hoc|iPhoneSimulator.ActiveCfg = Ad-Hoc|iPhoneSimulator
		{78E22A16-8AB6-4732-878A-DC747914D65A}.Ad-Hoc|iPhoneSimulator.Build.0 = Ad-Hoc|iPhoneSimulator
		{78E22A16-8AB6-4732-878A-DC747914D65A}.Ad-Hoc|iPhoneSimulator.Deploy.0 = Ad-Hoc|iPhoneSimulator
		{78E22A16-8AB6-4732-878A-DC747914D65A}.AppStore|Any CPU.ActiveCfg = AppStore|iPhone
		{78E22A16-8AB6-4732-878A-DC747914D65A}.AppStore|Any CPU.Build.0 = AppStore|iPhone
		{78E22A16-8AB6-4732-878A-DC747914D65A}.AppStore|Any CPU.Deploy.0 = AppStore|iPhone
		{78E22A16-8AB6-4732-878A-DC747914D65A}.AppStore|iPhone.ActiveCfg = AppStore|iPhone
		{78E22A16-8AB6-4732-878A-DC747914D65A}.AppStore|iPhone.Build.0 = AppStore|iPhone
		{78E22A16-8AB6-4732-878A-DC747914D65A}.AppStore|iPhone.Deploy.0 = AppStore|iPhone
		{78E22A16-8AB6-4732-878A-DC747914D65A}.AppStore|iPhoneSimulator.ActiveCfg = AppStore|iPhoneSimulator
		{78E22A16-8AB6-4732-878A-DC747914D65A}.AppStore|iPhoneSimulator.Build.0 = AppStore|iPhoneSimulator
		{78E22A16-8AB6-4732-878A-DC747914D65A}.AppStore|iPhoneSimulator.Deploy.0 = AppStore|iPhoneSimulator
		{78E22A16-8AB6-4732-878A-DC747914D65A}.Debug|Any CPU.ActiveCfg = Debug|iPhoneSimulator
		{78E22A16-8AB6-4732-878A-DC747914D65A}.Debug|Any CPU.Build.0 = Debug|iPhoneSimulator
		{78E22A16-8AB6-4732-878A-DC747914D65A}.Debug|Any CPU.Deploy.0 = Debug|iPhoneSimulator
		{78E22A16-8AB6-4732-878A-DC747914D65A}.Debug|iPhone.ActiveCfg = Debug|iPhone
		{78E22A16-8AB6-4732-878A-DC747914D65A}.Debug|iPhone.Build.0 = Debug|iPhone
		{78E22A16-8AB6-4732-878A-DC747914D65A}.Debug|iPhone.Deploy.0 = Debug|iPhone
		{78E22A16-8AB6-4732-878A-DC747914D65A}.Debug|iPhoneSimulator.ActiveCfg = Debug|iPhoneSimulator
		{78E22A16-8AB6-4732-878A-DC747914D65A}.Debug|iPhoneSimulator.Build.0 = Debug|iPhoneSimulator
		{78E22A16-8AB6-4732-878A-DC747914D65A}.Debug|iPhoneSimulator.Deploy.0 = Debug|iPhoneSimulator
		{78E22A16-8AB6-4732-878A-DC747914D65A}.Release|Any CPU.ActiveCfg = Release|iPhone
		{78E22A16-8AB6-4732-878A-DC747914D65A}.Release|Any CPU.Build.0 = Release|iPhone
		{78E22A16-8AB6-4732-878A-DC747914D65A}.Release|Any CPU.Deploy.0 = Release|iPhone
		{78E22A16-8AB6-4732-878A-DC747914D65A}.Release|iPhone.ActiveCfg = Release|iPhone
		{78E22A16-8AB6-4732-878A-DC747914D65A}.Release|iPhone.Build.0 = Release|iPhone
		{78E22A16-8AB6-4732-878A-DC747914D65A}.Release|iPhone.Deploy.0 = Release|iPhone
		{78E22A16-8AB6-4732-878A-DC747914D65A}.Release|iPhoneSimulator.ActiveCfg = Release|iPhoneSimulator
		{78E22A16-8AB6-4732-878A-DC747914D65A}.Release|iPhoneSimulator.Build.0 = Release|iPhoneSimulator
		{78E22A16-8AB6-4732-878A-DC747914D65A}.Release|iPhoneSimulator.Deploy.0 = Release|iPhoneSimulator
		{4D343178-215B-4BDF-9A8A-16DFDCFD6D86}.Ad-Hoc|Any CPU.ActiveCfg = Debug|Any CPU
		{4D343178-215B-4BDF-9A8A-16DFDCFD6D86}.Ad-Hoc|Any CPU.Build.0 = Debug|Any CPU
		{4D343178-215B-4BDF-9A8A-16DFDCFD6D86}.Ad-Hoc|Any CPU.Deploy.0 = Debug|Any CPU
		{4D343178-215B-4BDF-9A8A-16DFDCFD6D86}.Ad-Hoc|iPhone.ActiveCfg = Debug|Any CPU
		{4D343178-215B-4BDF-9A8A-16DFDCFD6D86}.Ad-Hoc|iPhone.Build.0 = Debug|Any CPU
		{4D343178-215B-4BDF-9A8A-16DFDCFD6D86}.Ad-Hoc|iPhone.Deploy.0 = Debug|Any CPU
		{4D343178-215B-4BDF-9A8A-16DFDCFD6D86}.Ad-Hoc|iPhoneSimulator.ActiveCfg = Debug|Any CPU
		{4D343178-215B-4BDF-9A8A-16DFDCFD6D86}.Ad-Hoc|iPhoneSimulator.Build.0 = Debug|Any CPU
		{4D343178-215B-4BDF-9A8A-16DFDCFD6D86}.Ad-Hoc|iPhoneSimulator.Deploy.0 = Debug|Any CPU
		{4D343178-215B-4BDF-9A8A-16DFDCFD6D86}.AppStore|Any CPU.ActiveCfg = Debug|Any CPU
		{4D343178-215B-4BDF-9A8A-16DFDCFD6D86}.AppStore|Any CPU.Build.0 = Debug|Any CPU
		{4D343178-215B-4BDF-9A8A-16DFDCFD6D86}.AppStore|Any CPU.Deploy.0 = Debug|Any CPU
		{4D343178-215B-4BDF-9A8A-16DFDCFD6D86}.AppStore|iPhone.ActiveCfg = Debug|Any CPU
		{4D343178-215B-4BDF-9A8A-16DFDCFD6D86}.AppStore|iPhone.Build.0 = Debug|Any CPU
		{4D343178-215B-4BDF-9A8A-16DFDCFD6D86}.AppStore|iPhone.Deploy.0 = Debug|Any CPU
		{4D343178-215B-4BDF-9A8A-16DFDCFD6D86}.AppStore|iPhoneSimulator.ActiveCfg = Debug|Any CPU
		{4D343178-215B-4BDF-9A8A-16DFDCFD6D86}.AppStore|iPhoneSimulator.Build.0 = Debug|Any CPU
		{4D343178-215B-4BDF-9A8A-16DFDCFD6D86}.AppStore|iPhoneSimulator.Deploy.0 = Debug|Any CPU
		{4D343178-215B-4BDF-9A8A-16DFDCFD6D86}.Debug|Any CPU.ActiveCfg = Debug|Any CPU
		{4D343178-215B-4BDF-9A8A-16DFDCFD6D86}.Debug|Any CPU.Build.0 = Debug|Any CPU
		{4D343178-215B-4BDF-9A8A-16DFDCFD6D86}.Debug|Any CPU.Deploy.0 = Debug|Any CPU
		{4D343178-215B-4BDF-9A8A-16DFDCFD6D86}.Debug|iPhone.ActiveCfg = Debug|Any CPU
		{4D343178-215B-4BDF-9A8A-16DFDCFD6D86}.Debug|iPhone.Build.0 = Debug|Any CPU
		{4D343178-215B-4BDF-9A8A-16DFDCFD6D86}.Debug|iPhone.Deploy.0 = Debug|Any CPU
		{4D343178-215B-4BDF-9A8A-16DFDCFD6D86}.Debug|iPhoneSimulator.ActiveCfg = Debug|Any CPU
		{4D343178-215B-4BDF-9A8A-16DFDCFD6D86}.Debug|iPhoneSimulator.Build.0 = Debug|Any CPU
		{4D343178-215B-4BDF-9A8A-16DFDCFD6D86}.Debug|iPhoneSimulator.Deploy.0 = Debug|Any CPU
		{4D343178-215B-4BDF-9A8A-16DFDCFD6D86}.Release|Any CPU.ActiveCfg = Release|Any CPU
		{4D343178-215B-4BDF-9A8A-16DFDCFD6D86}.Release|Any CPU.Build.0 = Release|Any CPU
		{4D343178-215B-4BDF-9A8A-16DFDCFD6D86}.Release|Any CPU.Deploy.0 = Release|Any CPU
		{4D343178-215B-4BDF-9A8A-16DFDCFD6D86}.Release|iPhone.ActiveCfg = Release|Any CPU
		{4D343178-215B-4BDF-9A8A-16DFDCFD6D86}.Release|iPhone.Build.0 = Release|Any CPU
		{4D343178-215B-4BDF-9A8A-16DFDCFD6D86}.Release|iPhone.Deploy.0 = Release|Any CPU
		{4D343178-215B-4BDF-9A8A-16DFDCFD6D86}.Release|iPhoneSimulator.ActiveCfg = Release|Any CPU
		{4D343178-215B-4BDF-9A8A-16DFDCFD6D86}.Release|iPhoneSimulator.Build.0 = Release|Any CPU
		{4D343178-215B-4BDF-9A8A-16DFDCFD6D86}.Release|iPhoneSimulator.Deploy.0 = Release|Any CPU
	EndGlobalSection
	GlobalSection(SolutionProperties) = preSolution
		HideSolutionNode = FALSE
	EndGlobalSection
	GlobalSection(ExtensibilityGlobals) = postSolution
		SolutionGuid = {AC5A21FA-D63A-47BB-BB24-EAFC0FE7F0F9}
	EndGlobalSection
EndGlobal
